# THIS IS AN AUTOGENERATED FILE. DO NOT EDIT THIS FILE DIRECTLY.
# yarn lockfile v1


clsx@^1.1.1:
  version "1.1.1"
  resolved "https://registry.yarnpkg.com/clsx/-/clsx-1.1.1.tgz#98b3134f9abbdf23b2663491ace13c5c03a73188"
  integrity sha512-6/bPho624p3S2pMyvP5kKBPXnI3ufHLObBFCfgx+LkeR5lg2XYy2hqZqUf45ypD8COn2bhgGJSUE+l5dhNBieA==

goober@^2.1.9:
  version "2.1.9"
  resolved "https://registry.yarnpkg.com/goober/-/goober-2.1.9.tgz#0faee08fab1a5d55b23e9ec043bb5a1b46fa025a"
  integrity sha512-PAtnJbrWtHbfpJUIveG5PJIB6Mc9Kd0gimu9wZwPyA+wQUSeOeA4x4Ug16lyaaUUKZ/G6QEH1xunKOuXP1F4Vw==
